
Microsoft Visual Studio Solution File, Format Version 12.00
# Visual Studio Version 16
VisualStudioVersion = 16.0.31205.134
MinimumVisualStudioVersion = 10.0.40219.1
Project("{FAE04EC0-301F-11D3-BF4B-00C04F79EFBC}") = "kiosk1", "kiosk1.csproj", "{E752A15E-CE42-4D01-BE55-1AD38D8CB647}"
EndProject
Global
	GlobalSection(SolutionConfigurationPlatforms) = preSolution
		Debug|Any CPU = Debug|Any CPU
		Release|Any CPU = Release|Any CPU
	EndGlobalSection
	GlobalSection(ProjectConfigurationPlatforms) = postSolution
		{E752A15E-CE42-4D01-BE55-1AD38D8CB647}.Debug|Any CPU.ActiveCfg = Debug|Any CPU
		{E752A15E-CE42-4D01-BE55-1AD38D8CB647}.Debug|Any CPU.Build.0 = Debug|Any CPU
		{E752A15E-CE42-4D01-BE55-1AD38D8CB647}.Release|Any CPU.ActiveCfg = Release|Any CPU
		{E752A15E-CE42-4D01-BE55-1AD38D8CB647}.Release|Any CPU.Build.0 = Release|Any CPU
	EndGlobalSection
	GlobalSection(SolutionProperties) = preSolution
		HideSolutionNode = FALSE
	EndGlobalSection
	GlobalSection(ExtensibilityGlobals) = postSolution
		SolutionGuid = {97F9AD3F-98CE-4406-A08A-9B3BD7590CC8}
	EndGlobalSection
EndGlobal
