
Microsoft Visual Studio Solution File, Format Version 12.00
# Visual Studio Version 16
VisualStudioVersion = 16.0.31129.286
MinimumVisualStudioVersion = 10.0.40219.1
Project("{FAE04EC0-301F-11D3-BF4B-00C04F79EFBC}") = "EntityFrameworkTest", "EntityFrameworkTest.csproj", "{035A2995-1C81-4B9B-AD1B-02106AB91C0F}"
EndProject
Global
	GlobalSection(SolutionConfigurationPlatforms) = preSolution
		Debug|Any CPU = Debug|Any CPU
		Release|Any CPU = Release|Any CPU
	EndGlobalSection
	GlobalSection(ProjectConfigurationPlatforms) = postSolution
		{035A2995-1C81-4B9B-AD1B-02106AB91C0F}.Debug|Any CPU.ActiveCfg = Debug|Any CPU
		{035A2995-1C81-4B9B-AD1B-02106AB91C0F}.Debug|Any CPU.Build.0 = Debug|Any CPU
		{035A2995-1C81-4B9B-AD1B-02106AB91C0F}.Release|Any CPU.ActiveCfg = Release|Any CPU
		{035A2995-1C81-4B9B-AD1B-02106AB91C0F}.Release|Any CPU.Build.0 = Release|Any CPU
	EndGlobalSection
	GlobalSection(SolutionProperties) = preSolution
		HideSolutionNode = FALSE
	EndGlobalSection
	GlobalSection(ExtensibilityGlobals) = postSolution
		SolutionGuid = {2B70CCA2-18F7-4EDE-AC39-F46032D36DBA}
	EndGlobalSection
EndGlobal
