
Microsoft Visual Studio Solution File, Format Version 12.00
# Visual Studio Version 16
VisualStudioVersion = 16.0.31205.134
MinimumVisualStudioVersion = 10.0.40219.1
Project("{FAE04EC0-301F-11D3-BF4B-00C04F79EFBC}") = "Test1", "Test1.csproj", "{128D1602-35B8-46FB-BC09-EC2F8DBA387F}"
EndProject
Global
	GlobalSection(SolutionConfigurationPlatforms) = preSolution
		Debug|Any CPU = Debug|Any CPU
		Release|Any CPU = Release|Any CPU
	EndGlobalSection
	GlobalSection(ProjectConfigurationPlatforms) = postSolution
		{128D1602-35B8-46FB-BC09-EC2F8DBA387F}.Debug|Any CPU.ActiveCfg = Debug|Any CPU
		{128D1602-35B8-46FB-BC09-EC2F8DBA387F}.Debug|Any CPU.Build.0 = Debug|Any CPU
		{128D1602-35B8-46FB-BC09-EC2F8DBA387F}.Release|Any CPU.ActiveCfg = Release|Any CPU
		{128D1602-35B8-46FB-BC09-EC2F8DBA387F}.Release|Any CPU.Build.0 = Release|Any CPU
	EndGlobalSection
	GlobalSection(SolutionProperties) = preSolution
		HideSolutionNode = FALSE
	EndGlobalSection
	GlobalSection(ExtensibilityGlobals) = postSolution
		SolutionGuid = {3549177F-4F30-4E38-9385-4616F6BDABCE}
	EndGlobalSection
EndGlobal
