
Microsoft Visual Studio Solution File, Format Version 12.00
# Visual Studio Version 16
VisualStudioVersion = 16.0.31410.357
MinimumVisualStudioVersion = 10.0.40219.1
Project("{FAE04EC0-301F-11D3-BF4B-00C04F79EFBC}") = "OrderTest", "OrderTest\OrderTest.csproj", "{6389A26F-C412-4652-8930-ECF4AAF9BFE3}"
EndProject
Global
	GlobalSection(SolutionConfigurationPlatforms) = preSolution
		Debug|Any CPU = Debug|Any CPU
		Release|Any CPU = Release|Any CPU
	EndGlobalSection
	GlobalSection(ProjectConfigurationPlatforms) = postSolution
		{6389A26F-C412-4652-8930-ECF4AAF9BFE3}.Debug|Any CPU.ActiveCfg = Debug|Any CPU
		{6389A26F-C412-4652-8930-ECF4AAF9BFE3}.Debug|Any CPU.Build.0 = Debug|Any CPU
		{6389A26F-C412-4652-8930-ECF4AAF9BFE3}.Release|Any CPU.ActiveCfg = Release|Any CPU
		{6389A26F-C412-4652-8930-ECF4AAF9BFE3}.Release|Any CPU.Build.0 = Release|Any CPU
	EndGlobalSection
	GlobalSection(SolutionProperties) = preSolution
		HideSolutionNode = FALSE
	EndGlobalSection
	GlobalSection(ExtensibilityGlobals) = postSolution
		SolutionGuid = {42AC3D1D-1D8B-411E-9D8A-8B51476ADA48}
	EndGlobalSection
EndGlobal
