
Microsoft Visual Studio Solution File, Format Version 12.00
# Visual Studio Version 16
VisualStudioVersion = 16.0.31410.357
MinimumVisualStudioVersion = 10.0.40219.1
Project("{FAE04EC0-301F-11D3-BF4B-00C04F79EFBC}") = "EntitySelectTest", "EntitySelectTest\EntitySelectTest.csproj", "{1A415A8A-8974-4AAA-BE92-1E68D67AF52C}"
EndProject
Project("{FAE04EC0-301F-11D3-BF4B-00C04F79EFBC}") = "EntityInsertTest", "EntityInsertTest\EntityInsertTest.csproj", "{C7BA4E5B-BDAC-4856-96F6-EC6A6FA33DCA}"
EndProject
Global
	GlobalSection(SolutionConfigurationPlatforms) = preSolution
		Debug|Any CPU = Debug|Any CPU
		Release|Any CPU = Release|Any CPU
	EndGlobalSection
	GlobalSection(ProjectConfigurationPlatforms) = postSolution
		{1A415A8A-8974-4AAA-BE92-1E68D67AF52C}.Debug|Any CPU.ActiveCfg = Debug|Any CPU
		{1A415A8A-8974-4AAA-BE92-1E68D67AF52C}.Debug|Any CPU.Build.0 = Debug|Any CPU
		{1A415A8A-8974-4AAA-BE92-1E68D67AF52C}.Release|Any CPU.ActiveCfg = Release|Any CPU
		{1A415A8A-8974-4AAA-BE92-1E68D67AF52C}.Release|Any CPU.Build.0 = Release|Any CPU
		{C7BA4E5B-BDAC-4856-96F6-EC6A6FA33DCA}.Debug|Any CPU.ActiveCfg = Debug|Any CPU
		{C7BA4E5B-BDAC-4856-96F6-EC6A6FA33DCA}.Debug|Any CPU.Build.0 = Debug|Any CPU
		{C7BA4E5B-BDAC-4856-96F6-EC6A6FA33DCA}.Release|Any CPU.ActiveCfg = Release|Any CPU
		{C7BA4E5B-BDAC-4856-96F6-EC6A6FA33DCA}.Release|Any CPU.Build.0 = Release|Any CPU
	EndGlobalSection
	GlobalSection(SolutionProperties) = preSolution
		HideSolutionNode = FALSE
	EndGlobalSection
	GlobalSection(ExtensibilityGlobals) = postSolution
		SolutionGuid = {595FEEE3-5EE7-44A8-86D7-398C474653DA}
	EndGlobalSection
EndGlobal
